
Microsoft Visual Studio Solution File, Format Version 12.00
# Visual Studio 15
VisualStudioVersion = 15.0.28307.852
MinimumVisualStudioVersion = 10.0.40219.1
Project("{FAE04EC0-301F-11D3-BF4B-00C04F79EFBC}") = "DayOfWeek", "DayOfWeek\DayOfWeek.csproj", "{8FA65F76-B5AE-4873-93DD-53408F39A3C0}"
EndProject
Project("{FAE04EC0-301F-11D3-BF4B-00C04F79EFBC}") = "CenturiesToMinutes", "CenturiesToMinutes\CenturiesToMinutes.csproj", "{4C590912-4E7F-4C93-9715-EF87F91B0AA6}"
EndProject
Project("{FAE04EC0-301F-11D3-BF4B-00C04F79EFBC}") = "CircelArea", "CircelArea\CircelArea.csproj", "{FC544C1E-FBD3-4FDE-B75A-6F537CCF5230}"
EndProject
Project("{FAE04EC0-301F-11D3-BF4B-00C04F79EFBC}") = "ExcatSumOfRealNumbers", "ExcatSumOfRealNumbers\ExcatSumOfRealNumbers.csproj", "{C2F92E35-6E71-4773-86D4-6117DD5FD1A9}"
EndProject
Project("{FAE04EC0-301F-11D3-BF4B-00C04F79EFBC}") = "Elevator", "Elevator\Elevator.csproj", "{CE628C9B-5718-4F6D-8A6A-87C72E0282B7}"
EndProject
Project("{FAE04EC0-301F-11D3-BF4B-00C04F79EFBC}") = "SpecialNumbers", "SpecialNumbers\SpecialNumbers.csproj", "{CE433D0C-31BC-469A-A1E4-24AB544C0D5D}"
EndProject
Project("{FAE04EC0-301F-11D3-BF4B-00C04F79EFBC}") = "TriplesOfLatinLetters", "TriplesOfLatinLetters\TriplesOfLatinLetters.csproj", "{F187DFBD-701E-4AC7-B84D-1FE4B026C902}"
EndProject
Project("{FAE04EC0-301F-11D3-BF4B-00C04F79EFBC}") = "Greeting", "Greeting\Greeting.csproj", "{CC0F2FB9-BD30-4654-A7ED-16A70089820F}"
EndProject
Project("{FAE04EC0-301F-11D3-BF4B-00C04F79EFBC}") = "LastKNumbersSumSequence", "LastKNumbersSumSequence\LastKNumbersSumSequence.csproj", "{26CF1802-C302-432C-A976-E079E1CE2951}"
EndProject
Project("{FAE04EC0-301F-11D3-BF4B-00C04F79EFBC}") = "TripleSum", "TripleSum\TripleSum.csproj", "{99AFD77C-BB74-4B48-8ED8-68BDFAB8FCA1}"
EndProject
Project("{FAE04EC0-301F-11D3-BF4B-00C04F79EFBC}") = "RoundingNumbersAwayFromZero", "RoundingNumbersAwayFromZero\RoundingNumbersAwayFromZero.csproj", "{71B0F14D-41B7-4F36-9C66-96C1D26EE46F}"
EndProject
Project("{FAE04EC0-301F-11D3-BF4B-00C04F79EFBC}") = "ReverseAnArrayOfStrings", "ReverseAnArrayOfStrings\ReverseAnArrayOfStrings.csproj", "{13B4E51C-DC99-4538-AEA1-14AE822BC8D1}"
EndProject
Project("{FAE04EC0-301F-11D3-BF4B-00C04F79EFBC}") = "SumArrays", "SumArrays\SumArrays.csproj", "{EA7BD33A-FCDB-4C22-AD3F-E2341B3DDB08}"
EndProject
Project("{FAE04EC0-301F-11D3-BF4B-00C04F79EFBC}") = "CondenseArrayToNumber", "CondenseArrayToNumber\CondenseArrayToNumber.csproj", "{50F3738F-8AC3-4878-AF95-E3928E3C0C15}"
EndProject
Project("{FAE04EC0-301F-11D3-BF4B-00C04F79EFBC}") = "ExtractMiddleElements", "ExtractMiddleElements\ExtractMiddleElements.csproj", "{9F9078A7-36C3-437D-858F-44EE068E9EF3}"
EndProject
Project("{FAE04EC0-301F-11D3-BF4B-00C04F79EFBC}") = "LargestCommonEnd", "LargestCommonEnd\LargestCommonEnd.csproj", "{EA0C4135-7E7C-4244-8DB7-BB1340121CA0}"
EndProject
Project("{FAE04EC0-301F-11D3-BF4B-00C04F79EFBC}") = "FoldAndSum", "FoldAndSum\FoldAndSum.csproj", "{7D7E6197-4787-4F1C-8A80-92490F0352CA}"
EndProject
Project("{FAE04EC0-301F-11D3-BF4B-00C04F79EFBC}") = "SieveOfEratosthenes", "SieveOfEratosthenes\SieveOfEratosthenes.csproj", "{8E9C5A3E-83BD-4748-8098-9DD6752A01D1}"
EndProject
Project("{FAE04EC0-301F-11D3-BF4B-00C04F79EFBC}") = "CompareCharArrays", "CompareCharArrays\CompareCharArrays.csproj", "{35E3BF97-AAA5-4375-ABE2-DA888CD45468}"
EndProject
Project("{FAE04EC0-301F-11D3-BF4B-00C04F79EFBC}") = "MaxSequenceOfEqualsElements", "MaxSequenceOfEqualsElements\MaxSequenceOfEqualsElements.csproj", "{EFADEDCF-2EFF-4DF4-8EA2-5BCCF49C5B18}"
EndProject
Project("{FAE04EC0-301F-11D3-BF4B-00C04F79EFBC}") = "IndexOfLetters", "IndexOfLetters\IndexOfLetters.csproj", "{52775DEF-BACB-4774-9A93-62B682DA8778}"
EndProject
Project("{FAE04EC0-301F-11D3-BF4B-00C04F79EFBC}") = "MostFrequentNumber", "MostFrequentNumber\MostFrequentNumber.csproj", "{656BA658-B51F-4EBF-9E92-23230E15FF8B}"
EndProject
Project("{FAE04EC0-301F-11D3-BF4B-00C04F79EFBC}") = "EqualSums", "EqualSums\EqualSums.csproj", "{311F172D-BE72-4B0F-834C-1049379B49CF}"
EndProject
Global
	GlobalSection(SolutionConfigurationPlatforms) = preSolution
		Debug|Any CPU = Debug|Any CPU
		Release|Any CPU = Release|Any CPU
	EndGlobalSection
	GlobalSection(ProjectConfigurationPlatforms) = postSolution
		{8FA65F76-B5AE-4873-93DD-53408F39A3C0}.Debug|Any CPU.ActiveCfg = Debug|Any CPU
		{8FA65F76-B5AE-4873-93DD-53408F39A3C0}.Debug|Any CPU.Build.0 = Debug|Any CPU
		{8FA65F76-B5AE-4873-93DD-53408F39A3C0}.Release|Any CPU.ActiveCfg = Release|Any CPU
		{8FA65F76-B5AE-4873-93DD-53408F39A3C0}.Release|Any CPU.Build.0 = Release|Any CPU
		{4C590912-4E7F-4C93-9715-EF87F91B0AA6}.Debug|Any CPU.ActiveCfg = Debug|Any CPU
		{4C590912-4E7F-4C93-9715-EF87F91B0AA6}.Debug|Any CPU.Build.0 = Debug|Any CPU
		{4C590912-4E7F-4C93-9715-EF87F91B0AA6}.Release|Any CPU.ActiveCfg = Release|Any CPU
		{4C590912-4E7F-4C93-9715-EF87F91B0AA6}.Release|Any CPU.Build.0 = Release|Any CPU
		{FC544C1E-FBD3-4FDE-B75A-6F537CCF5230}.Debug|Any CPU.ActiveCfg = Debug|Any CPU
		{FC544C1E-FBD3-4FDE-B75A-6F537CCF5230}.Debug|Any CPU.Build.0 = Debug|Any CPU
		{FC544C1E-FBD3-4FDE-B75A-6F537CCF5230}.Release|Any CPU.ActiveCfg = Release|Any CPU
		{FC544C1E-FBD3-4FDE-B75A-6F537CCF5230}.Release|Any CPU.Build.0 = Release|Any CPU
		{C2F92E35-6E71-4773-86D4-6117DD5FD1A9}.Debug|Any CPU.ActiveCfg = Debug|Any CPU
		{C2F92E35-6E71-4773-86D4-6117DD5FD1A9}.Debug|Any CPU.Build.0 = Debug|Any CPU
		{C2F92E35-6E71-4773-86D4-6117DD5FD1A9}.Release|Any CPU.ActiveCfg = Release|Any CPU
		{C2F92E35-6E71-4773-86D4-6117DD5FD1A9}.Release|Any CPU.Build.0 = Release|Any CPU
		{CE628C9B-5718-4F6D-8A6A-87C72E0282B7}.Debug|Any CPU.ActiveCfg = Debug|Any CPU
		{CE628C9B-5718-4F6D-8A6A-87C72E0282B7}.Debug|Any CPU.Build.0 = Debug|Any CPU
		{CE628C9B-5718-4F6D-8A6A-87C72E0282B7}.Release|Any CPU.ActiveCfg = Release|Any CPU
		{CE628C9B-5718-4F6D-8A6A-87C72E0282B7}.Release|Any CPU.Build.0 = Release|Any CPU
		{CE433D0C-31BC-469A-A1E4-24AB544C0D5D}.Debug|Any CPU.ActiveCfg = Debug|Any CPU
		{CE433D0C-31BC-469A-A1E4-24AB544C0D5D}.Debug|Any CPU.Build.0 = Debug|Any CPU
		{CE433D0C-31BC-469A-A1E4-24AB544C0D5D}.Release|Any CPU.ActiveCfg = Release|Any CPU
		{CE433D0C-31BC-469A-A1E4-24AB544C0D5D}.Release|Any CPU.Build.0 = Release|Any CPU
		{F187DFBD-701E-4AC7-B84D-1FE4B026C902}.Debug|Any CPU.ActiveCfg = Debug|Any CPU
		{F187DFBD-701E-4AC7-B84D-1FE4B026C902}.Debug|Any CPU.Build.0 = Debug|Any CPU
		{F187DFBD-701E-4AC7-B84D-1FE4B026C902}.Release|Any CPU.ActiveCfg = Release|Any CPU
		{F187DFBD-701E-4AC7-B84D-1FE4B026C902}.Release|Any CPU.Build.0 = Release|Any CPU
		{CC0F2FB9-BD30-4654-A7ED-16A70089820F}.Debug|Any CPU.ActiveCfg = Debug|Any CPU
		{CC0F2FB9-BD30-4654-A7ED-16A70089820F}.Debug|Any CPU.Build.0 = Debug|Any CPU
		{CC0F2FB9-BD30-4654-A7ED-16A70089820F}.Release|Any CPU.ActiveCfg = Release|Any CPU
		{CC0F2FB9-BD30-4654-A7ED-16A70089820F}.Release|Any CPU.Build.0 = Release|Any CPU
		{26CF1802-C302-432C-A976-E079E1CE2951}.Debug|Any CPU.ActiveCfg = Debug|Any CPU
		{26CF1802-C302-432C-A976-E079E1CE2951}.Debug|Any CPU.Build.0 = Debug|Any CPU
		{26CF1802-C302-432C-A976-E079E1CE2951}.Release|Any CPU.ActiveCfg = Release|Any CPU
		{26CF1802-C302-432C-A976-E079E1CE2951}.Release|Any CPU.Build.0 = Release|Any CPU
		{99AFD77C-BB74-4B48-8ED8-68BDFAB8FCA1}.Debug|Any CPU.ActiveCfg = Debug|Any CPU
		{99AFD77C-BB74-4B48-8ED8-68BDFAB8FCA1}.Debug|Any CPU.Build.0 = Debug|Any CPU
		{99AFD77C-BB74-4B48-8ED8-68BDFAB8FCA1}.Release|Any CPU.ActiveCfg = Release|Any CPU
		{99AFD77C-BB74-4B48-8ED8-68BDFAB8FCA1}.Release|Any CPU.Build.0 = Release|Any CPU
		{71B0F14D-41B7-4F36-9C66-96C1D26EE46F}.Debug|Any CPU.ActiveCfg = Debug|Any CPU
		{71B0F14D-41B7-4F36-9C66-96C1D26EE46F}.Debug|Any CPU.Build.0 = Debug|Any CPU
		{71B0F14D-41B7-4F36-9C66-96C1D26EE46F}.Release|Any CPU.ActiveCfg = Release|Any CPU
		{71B0F14D-41B7-4F36-9C66-96C1D26EE46F}.Release|Any CPU.Build.0 = Release|Any CPU
		{13B4E51C-DC99-4538-AEA1-14AE822BC8D1}.Debug|Any CPU.ActiveCfg = Debug|Any CPU
		{13B4E51C-DC99-4538-AEA1-14AE822BC8D1}.Debug|Any CPU.Build.0 = Debug|Any CPU
		{13B4E51C-DC99-4538-AEA1-14AE822BC8D1}.Release|Any CPU.ActiveCfg = Release|Any CPU
		{13B4E51C-DC99-4538-AEA1-14AE822BC8D1}.Release|Any CPU.Build.0 = Release|Any CPU
		{EA7BD33A-FCDB-4C22-AD3F-E2341B3DDB08}.Debug|Any CPU.ActiveCfg = Debug|Any CPU
		{EA7BD33A-FCDB-4C22-AD3F-E2341B3DDB08}.Debug|Any CPU.Build.0 = Debug|Any CPU
		{EA7BD33A-FCDB-4C22-AD3F-E2341B3DDB08}.Release|Any CPU.ActiveCfg = Release|Any CPU
		{EA7BD33A-FCDB-4C22-AD3F-E2341B3DDB08}.Release|Any CPU.Build.0 = Release|Any CPU
		{50F3738F-8AC3-4878-AF95-E3928E3C0C15}.Debug|Any CPU.ActiveCfg = Debug|Any CPU
		{50F3738F-8AC3-4878-AF95-E3928E3C0C15}.Debug|Any CPU.Build.0 = Debug|Any CPU
		{50F3738F-8AC3-4878-AF95-E3928E3C0C15}.Release|Any CPU.ActiveCfg = Release|Any CPU
		{50F3738F-8AC3-4878-AF95-E3928E3C0C15}.Release|Any CPU.Build.0 = Release|Any CPU
		{9F9078A7-36C3-437D-858F-44EE068E9EF3}.Debug|Any CPU.ActiveCfg = Debug|Any CPU
		{9F9078A7-36C3-437D-858F-44EE068E9EF3}.Debug|Any CPU.Build.0 = Debug|Any CPU
		{9F9078A7-36C3-437D-858F-44EE068E9EF3}.Release|Any CPU.ActiveCfg = Release|Any CPU
		{9F9078A7-36C3-437D-858F-44EE068E9EF3}.Release|Any CPU.Build.0 = Release|Any CPU
		{EA0C4135-7E7C-4244-8DB7-BB1340121CA0}.Debug|Any CPU.ActiveCfg = Debug|Any CPU
		{EA0C4135-7E7C-4244-8DB7-BB1340121CA0}.Debug|Any CPU.Build.0 = Debug|Any CPU
		{EA0C4135-7E7C-4244-8DB7-BB1340121CA0}.Release|Any CPU.ActiveCfg = Release|Any CPU
		{EA0C4135-7E7C-4244-8DB7-BB1340121CA0}.Release|Any CPU.Build.0 = Release|Any CPU
		{7D7E6197-4787-4F1C-8A80-92490F0352CA}.Debug|Any CPU.ActiveCfg = Debug|Any CPU
		{7D7E6197-4787-4F1C-8A80-92490F0352CA}.Debug|Any CPU.Build.0 = Debug|Any CPU
		{7D7E6197-4787-4F1C-8A80-92490F0352CA}.Release|Any CPU.ActiveCfg = Release|Any CPU
		{7D7E6197-4787-4F1C-8A80-92490F0352CA}.Release|Any CPU.Build.0 = Release|Any CPU
		{8E9C5A3E-83BD-4748-8098-9DD6752A01D1}.Debug|Any CPU.ActiveCfg = Debug|Any CPU
		{8E9C5A3E-83BD-4748-8098-9DD6752A01D1}.Debug|Any CPU.Build.0 = Debug|Any CPU
		{8E9C5A3E-83BD-4748-8098-9DD6752A01D1}.Release|Any CPU.ActiveCfg = Release|Any CPU
		{8E9C5A3E-83BD-4748-8098-9DD6752A01D1}.Release|Any CPU.Build.0 = Release|Any CPU
		{35E3BF97-AAA5-4375-ABE2-DA888CD45468}.Debug|Any CPU.ActiveCfg = Debug|Any CPU
		{35E3BF97-AAA5-4375-ABE2-DA888CD45468}.Debug|Any CPU.Build.0 = Debug|Any CPU
		{35E3BF97-AAA5-4375-ABE2-DA888CD45468}.Release|Any CPU.ActiveCfg = Release|Any CPU
		{35E3BF97-AAA5-4375-ABE2-DA888CD45468}.Release|Any CPU.Build.0 = Release|Any CPU
		{EFADEDCF-2EFF-4DF4-8EA2-5BCCF49C5B18}.Debug|Any CPU.ActiveCfg = Debug|Any CPU
		{EFADEDCF-2EFF-4DF4-8EA2-5BCCF49C5B18}.Debug|Any CPU.Build.0 = Debug|Any CPU
		{EFADEDCF-2EFF-4DF4-8EA2-5BCCF49C5B18}.Release|Any CPU.ActiveCfg = Release|Any CPU
		{EFADEDCF-2EFF-4DF4-8EA2-5BCCF49C5B18}.Release|Any CPU.Build.0 = Release|Any CPU
		{52775DEF-BACB-4774-9A93-62B682DA8778}.Debug|Any CPU.ActiveCfg = Debug|Any CPU
		{52775DEF-BACB-4774-9A93-62B682DA8778}.Debug|Any CPU.Build.0 = Debug|Any CPU
		{52775DEF-BACB-4774-9A93-62B682DA8778}.Release|Any CPU.ActiveCfg = Release|Any CPU
		{52775DEF-BACB-4774-9A93-62B682DA8778}.Release|Any CPU.Build.0 = Release|Any CPU
		{656BA658-B51F-4EBF-9E92-23230E15FF8B}.Debug|Any CPU.ActiveCfg = Debug|Any CPU
		{656BA658-B51F-4EBF-9E92-23230E15FF8B}.Debug|Any CPU.Build.0 = Debug|Any CPU
		{656BA658-B51F-4EBF-9E92-23230E15FF8B}.Release|Any CPU.ActiveCfg = Release|Any CPU
		{656BA658-B51F-4EBF-9E92-23230E15FF8B}.Release|Any CPU.Build.0 = Release|Any CPU
		{311F172D-BE72-4B0F-834C-1049379B49CF}.Debug|Any CPU.ActiveCfg = Debug|Any CPU
		{311F172D-BE72-4B0F-834C-1049379B49CF}.Debug|Any CPU.Build.0 = Debug|Any CPU
		{311F172D-BE72-4B0F-834C-1049379B49CF}.Release|Any CPU.ActiveCfg = Release|Any CPU
		{311F172D-BE72-4B0F-834C-1049379B49CF}.Release|Any CPU.Build.0 = Release|Any CPU
	EndGlobalSection
	GlobalSection(SolutionProperties) = preSolution
		HideSolutionNode = FALSE
	EndGlobalSection
	GlobalSection(ExtensibilityGlobals) = postSolution
		SolutionGuid = {D005CCBA-3F82-4C1E-BD94-6804850E9F86}
	EndGlobalSection
EndGlobal
